
Microsoft Visual Studio Solution File, Format Version 12.00
# Visual Studio 15
VisualStudioVersion = 15.0.28307.645
MinimumVisualStudioVersion = 10.0.40219.1
Project("{4DF76451-A46A-4C0B-BE03-459FAAFA07E6}") = "Bullhorn Connector", "Bullhorn Connector\Bullhorn Connector.mproj", "{D0B8EABC-37AB-4D10-9A9A-A40B4D3E84E7}"
EndProject
Global
	GlobalSection(SolutionConfigurationPlatforms) = preSolution
		Debug|x86 = Debug|x86
		Release|x86 = Release|x86
	EndGlobalSection
	GlobalSection(ProjectConfigurationPlatforms) = postSolution
		{D0B8EABC-37AB-4D10-9A9A-A40B4D3E84E7}.Debug|x86.ActiveCfg = Debug|x86
		{D0B8EABC-37AB-4D10-9A9A-A40B4D3E84E7}.Debug|x86.Build.0 = Debug|x86
		{D0B8EABC-37AB-4D10-9A9A-A40B4D3E84E7}.Release|x86.ActiveCfg = Release|x86
		{D0B8EABC-37AB-4D10-9A9A-A40B4D3E84E7}.Release|x86.Build.0 = Release|x86
	EndGlobalSection
	GlobalSection(SolutionProperties) = preSolution
		HideSolutionNode = FALSE
	EndGlobalSection
	GlobalSection(ExtensibilityGlobals) = postSolution
		SolutionGuid = {E1182FCA-21E4-440B-BA82-81AB9E33780C}
	EndGlobalSection
EndGlobal
